{
  "name": "purrfect",
  "version": "0.0.11",
  "lockfileVersion": 3,
  "requires": true,
  "packages": {
    "": {
      "name": "purrfect",
      "version": "0.0.11",
      "license": "MIT",
      "workspaces": [
        "libs/*"
      ],
      "devDependencies": {},
      "engines": {
        "node": ">=22"
      }
    },
    "../../../context-work/no-comply/libs/solid-primitives": {
      "name": "@no-comply/solid-primitives",
      "version": "0.0.11",
      "extraneous": true,
      "license": "MIT",
      "devDependencies": {
        "@no-comply/meta-extract": "0.0.11",
        "@purrception/source-fs": "0.0.11",
        "tsx": "^4.22.4",
        "vite": "^8.0.16",
        "vite-plugin-solid": "^2.11.12",
        "vite-plugin-solid-svg": "^0.8.1",
        "vite-plugin-top-level-await": "^1.6.0",
        "vitest": "^4.1.8"
      },
      "peerDependencies": {
        "solid-js": "^1.9.5"
      }
    },
    "libs/client-babel": {
      "name": "@purrpose/client-babel",
      "version": "0.0.11",
      "extraneous": true,
      "license": "MIT",
      "devDependencies": {
        "@types/babel__standalone": "^7.1.9",
        "vite": "^8.0.16",
        "vite-plugin-solid": "^2.11.12",
        "vite-plugin-solid-svg": "^0.8.1",
        "vite-plugin-top-level-await": "^1.6.0",
        "vitest": "^4.1.8"
      },
      "peerDependencies": {
        "@babel/standalone": "^7.29.7",
        "assert": "^2.1.0"
      }
    },
    "libs/client-babel-preset-solidjs": {
      "name": "@purrpose/client-babel-preset-solidjs",
      "version": "0.0.11",
      "extraneous": true,
      "license": "MIT",
      "devDependencies": {
        "vite": "^8.0.16",
        "vite-plugin-solid": "^2.11.12",
        "vite-plugin-solid-svg": "^0.8.1",
        "vite-plugin-top-level-await": "^1.6.0",
        "vitest": "^4.1.8"
      },
      "peerDependencies": {
        "@purrpose/client-babel": "0.0.11",
        "babel-plugin-jsx-dom-expressions": "^0.40.7",
        "solid-js": "1.9.13"
      }
    },
    "libs/solid-shiki-service": {
      "name": "@purrpose/solid-shiki-service",
      "version": "0.0.11",
      "extraneous": true,
      "license": "MIT",
      "dependencies": {
        "@no-comply/solid-primitives": "file:../../../../../context-work/no-comply/libs/solid-primitives"
      },
      "devDependencies": {
        "vite": "^8.0.16",
        "vite-plugin-solid": "^2.11.12",
        "vite-plugin-solid-svg": "^0.8.1",
        "vite-plugin-top-level-await": "^1.6.0",
        "vitest": "^4.1.8"
      },
      "peerDependencies": {
        "prettier": "^3.8.4",
        "shiki": "^4.3.0",
        "solid-js": "^1.9.5"
      }
    }
  }
}
